<?xml version="1.0" encoding="utf-8"?>
<Project ToolsVersion="4.0" xmlns="http://schemas.microsoft.com/developer/msbuild/2003">
  <ItemGroup>
    <Filter Include="Source Files">
      <UniqueIdentifier>{b891c2f4-cd5a-4734-90ea-c2e5b89ccc46}</UniqueIdentifier>
      <Extensions>cpp;c;cxx;rc;def;r;odl;idl;hpj;bat</Extensions>
    </Filter>
    <Filter Include="Header Files">
      <UniqueIdentifier>{155722eb-1ef3-4cbe-8d56-e2564e8c9fb3}</UniqueIdentifier>
      <Extensions>h;hpp;hxx;hm;inl</Extensions>
    </Filter>
    <Filter Include="Resource Files">
      <UniqueIdentifier>{df75cecd-d7ed-421d-b05e-ed580e080851}</UniqueIdentifier>
      <Extensions>ico;cur;bmp;dlg;rc2;rct;bin;rgs;gif;jpg;jpeg;jpe</Extensions>
    </Filter>
  </ItemGroup>
  <ItemGroup>
    <ClCompile Include="..\tplt\axanno.c">
      <Filter>Source Files</Filter>
    </ClCompile>
    <ClCompile Include="..\tplt\axes1.c">
      <Filter>Source Files</Filter>
    </ClCompile>
    <ClCompile Include="..\tplt\axes2.c">
      <Filter>Source Files</Filter>
    </ClCompile>
    <ClCompile Include="..\tplt\axes3.c">
      <Filter>Source Files</Filter>
    </ClCompile>
    <ClCompile Include="..\tplt\axes4.c">
      <Filter>Source Files</Filter>
    </ClCompile>
    <ClCompile Include="..\tplt\axes5.c">
      <Filter>Source Files</Filter>
    </ClCompile>
    <ClCompile Include="..\tplt\axgrid.c">
      <Filter>Source Files</Filter>
    </ClCompile>
    <ClCompile Include="..\tplt\axline.c">
      <Filter>Source Files</Filter>
    </ClCompile>
    <ClCompile Include="..\tplt\axtick.c">
      <Filter>Source Files</Filter>
    </ClCompile>
    <ClCompile Include="..\tplt\bindat.c">
      <Filter>Source Files</Filter>
    </ClCompile>
    <ClCompile Include="..\tplt\cnglun.c">
      <Filter>Source Files</Filter>
    </ClCompile>
    <ClCompile Include="..\tplt\dattim.c">
      <Filter>Source Files</Filter>
    </ClCompile>
    <ClCompile Include="..\tplt\defpar.c">
      <Filter>Source Files</Filter>
    </ClCompile>
    <ClCompile Include="..\tplt\doplot.c">
      <Filter>Source Files</Filter>
    </ClCompile>
    <ClCompile Include="..\tplt\errbar.c">
      <Filter>Source Files</Filter>
    </ClCompile>
    <ClCompile Include="..\tplt\filetime.c">
      <Filter>Source Files</Filter>
    </ClCompile>
    <ClCompile Include="..\tplt\getdat.c">
      <Filter>Source Files</Filter>
    </ClCompile>
    <ClCompile Include="..\tplt\getmsg.c">
      <Filter>Source Files</Filter>
    </ClCompile>
    <ClCompile Include="..\tplt\getnum.c">
      <Filter>Source Files</Filter>
    </ClCompile>
    <ClCompile Include="..\tplt\getstr.c">
      <Filter>Source Files</Filter>
    </ClCompile>
    <ClCompile Include="..\tplt\histo.c">
      <Filter>Source Files</Filter>
    </ClCompile>
    <ClCompile Include="..\tplt\ifmt.c">
      <Filter>Source Files</Filter>
    </ClCompile>
    <ClCompile Include="..\tplt\indata.c">
      <Filter>Source Files</Filter>
    </ClCompile>
    <ClCompile Include="..\tplt\indx.c">
      <Filter>Source Files</Filter>
    </ClCompile>
    <ClCompile Include="..\tplt\iscan.c">
      <Filter>Source Files</Filter>
    </ClCompile>
    <ClCompile Include="..\tplt\labchr.c">
      <Filter>Source Files</Filter>
    </ClCompile>
    <ClCompile Include="..\tplt\label.c">
      <Filter>Source Files</Filter>
    </ClCompile>
    <ClCompile Include="..\tplt\labpos.c">
      <Filter>Source Files</Filter>
    </ClCompile>
    <ClCompile Include="..\tplt\linetp.c">
      <Filter>Source Files</Filter>
    </ClCompile>
    <ClCompile Include="..\tplt\linplt.c">
      <Filter>Source Files</Filter>
    </ClCompile>
    <ClCompile Include="..\tplt\lookup.c">
      <Filter>Source Files</Filter>
    </ClCompile>
    <ClCompile Include="..\tplt\namfil.c">
      <Filter>Source Files</Filter>
    </ClCompile>
    <ClCompile Include="..\tplt\numb2.c">
      <Filter>Source Files</Filter>
    </ClCompile>
    <ClCompile Include="..\tplt\nxtlin.c">
      <Filter>Source Files</Filter>
    </ClCompile>
    <ClCompile Include="..\tplt\opninc.c">
      <Filter>Source Files</Filter>
    </ClCompile>
    <ClCompile Include="..\tplt\pltkey.c">
      <Filter>Source Files</Filter>
    </ClCompile>
    <ClCompile Include="..\tplt\polygon.c">
      <Filter>Source Files</Filter>
    </ClCompile>
    <ClCompile Include="..\tplt\proces.c">
      <Filter>Source Files</Filter>
    </ClCompile>
    <ClCompile Include="..\tplt\putmsg.c">
      <Filter>Source Files</Filter>
    </ClCompile>
    <ClCompile Include="..\tplt\rect.c">
      <Filter>Source Files</Filter>
    </ClCompile>
    <ClCompile Include="..\tplt\setaxpar.c">
      <Filter>Source Files</Filter>
    </ClCompile>
    <ClCompile Include="..\tplt\setprm.c">
      <Filter>Source Files</Filter>
    </ClCompile>
    <ClCompile Include="..\tplt\setsiz.c">
      <Filter>Source Files</Filter>
    </ClCompile>
    <ClCompile Include="..\tplt\setup.c">
      <Filter>Source Files</Filter>
    </ClCompile>
    <ClCompile Include="..\tplt\shadeare.c">
      <Filter>Source Files</Filter>
    </ClCompile>
    <ClCompile Include="..\tplt\smooth.c">
      <Filter>Source Files</Filter>
    </ClCompile>
    <ClCompile Include="..\tplt\sort.c">
      <Filter>Source Files</Filter>
    </ClCompile>
    <ClCompile Include="..\tplt\stnmpm.c">
      <Filter>Source Files</Filter>
    </ClCompile>
    <ClCompile Include="..\tplt\sttxpm.c">
      <Filter>Source Files</Filter>
    </ClCompile>
    <ClCompile Include="..\tplt\tplt.c">
      <Filter>Source Files</Filter>
    </ClCompile>
    <ClCompile Include="..\tplt\wave.c">
      <Filter>Source Files</Filter>
    </ClCompile>
    <ClCompile Include="..\tplt\wplt.c">
      <Filter>Source Files</Filter>
    </ClCompile>
    <ClCompile Include="..\tplt\wrprml.c">
      <Filter>Source Files</Filter>
    </ClCompile>
    <ClCompile Include="..\tplt\xpos.c">
      <Filter>Source Files</Filter>
    </ClCompile>
  </ItemGroup>
  <ItemGroup>
    <ResourceCompile Include="wplt.rc">
      <Filter>Source Files</Filter>
    </ResourceCompile>
  </ItemGroup>
  <ItemGroup>
    <ClInclude Include="..\tplt\output.h">
      <Filter>Header Files</Filter>
    </ClInclude>
    <ClInclude Include="..\tplt\plt.h">
      <Filter>Header Files</Filter>
    </ClInclude>
    <ClInclude Include="..\tplt\pltblk.h">
      <Filter>Header Files</Filter>
    </ClInclude>
    <ClInclude Include="..\tplt\version.h">
      <Filter>Header Files</Filter>
    </ClInclude>
    <ClInclude Include="..\tplt\wplt.h">
      <Filter>Header Files</Filter>
    </ClInclude>
  </ItemGroup>
  <ItemGroup>
    <Image Include="wplt.ico">
      <Filter>Resource Files</Filter>
    </Image>
  </ItemGroup>
</Project>